
Microsoft Visual Studio Solution File, Format Version 12.00
# Visual Studio Version 16
VisualStudioVersion = 16.0.30413.136
MinimumVisualStudioVersion = 10.0.40219.1
Project("{FAE04EC0-301F-11D3-BF4B-00C04F79EFBC}") = "AntLib", "AntLib\AntLib.csproj", "{57387597-4FBA-46F2-8FAA-522A51DFF580}"
EndProject
Global
	GlobalSection(SolutionConfigurationPlatforms) = preSolution
		Debug|Any CPU = Debug|Any CPU
		Release|Any CPU = Release|Any CPU
	EndGlobalSection
	GlobalSection(ProjectConfigurationPlatforms) = postSolution
		{57387597-4FBA-46F2-8FAA-522A51DFF580}.Debug|Any CPU.ActiveCfg = Debug|Any CPU
		{57387597-4FBA-46F2-8FAA-522A51DFF580}.Debug|Any CPU.Build.0 = Debug|Any CPU
		{57387597-4FBA-46F2-8FAA-522A51DFF580}.Release|Any CPU.ActiveCfg = Release|Any CPU
		{57387597-4FBA-46F2-8FAA-522A51DFF580}.Release|Any CPU.Build.0 = Release|Any CPU
	EndGlobalSection
	GlobalSection(SolutionProperties) = preSolution
		HideSolutionNode = FALSE
	EndGlobalSection
	GlobalSection(ExtensibilityGlobals) = postSolution
		SolutionGuid = {98ACE2A7-4D45-4091-AAB5-83BEED27029D}
	EndGlobalSection
EndGlobal
